
Microsoft Visual Studio Solution File, Format Version 12.00
# Visual Studio Version 17
VisualStudioVersion = 17.0.31903.59
MinimumVisualStudioVersion = 10.0.40219.1
Project("{2150E333-8FDC-42A3-9474-1A3956D46DE8}") = "src", "src", "{827E0CD3-B72D-47B6-A68D-7590B98EB39B}"
EndProject
Project("{FAE04EC0-301F-11D3-BF4B-00C04F79EFBC}") = "ScsSii", "src\ScsSii\ScsSii.csproj", "{601CF33B-6DEE-4D8E-AFD9-4D55E816646A}"
EndProject
Project("{FAE04EC0-301F-11D3-BF4B-00C04F79EFBC}") = "ScsSii.Tests", "tests\ScsSii.Tests\ScsSii.Tests.csproj", "{16798E54-5E77-4FA3-A93A-2FE81A6E962D}"
EndProject
Project("{FAE04EC0-301F-11D3-BF4B-00C04F79EFBC}") = "ScsHashFs", "src\ScsHashFs\ScsHashFs.csproj", "{54DF9B8C-AA92-4C03-B712-D25B68D2BF98}"
EndProject
Project("{FAE04EC0-301F-11D3-BF4B-00C04F79EFBC}") = "ScsHashFs.Tests", "tests\ScsHashFs.Tests\ScsHashFs.Tests.csproj", "{2AC6DC2C-A52C-4709-9BA9-C0BE508B7A24}"
EndProject
Project("{FAE04EC0-301F-11D3-BF4B-00C04F79EFBC}") = "ScsSector", "src\ScsSector\ScsSector.csproj", "{A68F79D9-A158-44A3-B7F0-506F05088A2D}"
EndProject
Project("{FAE04EC0-301F-11D3-BF4B-00C04F79EFBC}") = "ScsSector.Tests", "tests\ScsSector.Tests\ScsSector.Tests.csproj", "{ED168A62-F7E1-4394-81CE-15B0F3BF37E7}"
EndProject
Project("{FAE04EC0-301F-11D3-BF4B-00C04F79EFBC}") = "ScsGraph", "src\ScsGraph\ScsGraph.csproj", "{C96CAB35-A41B-401A-95C5-680A56040551}"
EndProject
Project("{FAE04EC0-301F-11D3-BF4B-00C04F79EFBC}") = "ScsGraph.Tests", "tests\ScsGraph.Tests\ScsGraph.Tests.csproj", "{BB4F1E71-3941-47F1-8E4F-7E64DDDE160B}"
EndProject
Global
	GlobalSection(SolutionConfigurationPlatforms) = preSolution
		Debug|Any CPU = Debug|Any CPU
		Debug|x64 = Debug|x64
		Debug|x86 = Debug|x86
		Release|Any CPU = Release|Any CPU
		Release|x64 = Release|x64
		Release|x86 = Release|x86
	EndGlobalSection
	GlobalSection(ProjectConfigurationPlatforms) = postSolution
		{601CF33B-6DEE-4D8E-AFD9-4D55E816646A}.Debug|Any CPU.ActiveCfg = Debug|Any CPU
		{601CF33B-6DEE-4D8E-AFD9-4D55E816646A}.Debug|Any CPU.Build.0 = Debug|Any CPU
		{601CF33B-6DEE-4D8E-AFD9-4D55E816646A}.Debug|x64.ActiveCfg = Debug|Any CPU
		{601CF33B-6DEE-4D8E-AFD9-4D55E816646A}.Debug|x64.Build.0 = Debug|Any CPU
		{601CF33B-6DEE-4D8E-AFD9-4D55E816646A}.Debug|x86.ActiveCfg = Debug|Any CPU
		{601CF33B-6DEE-4D8E-AFD9-4D55E816646A}.Debug|x86.Build.0 = Debug|Any CPU
		{601CF33B-6DEE-4D8E-AFD9-4D55E816646A}.Release|Any CPU.ActiveCfg = Release|Any CPU
		{601CF33B-6DEE-4D8E-AFD9-4D55E816646A}.Release|Any CPU.Build.0 = Release|Any CPU
		{601CF33B-6DEE-4D8E-AFD9-4D55E816646A}.Release|x64.ActiveCfg = Release|Any CPU
		{601CF33B-6DEE-4D8E-AFD9-4D55E816646A}.Release|x64.Build.0 = Release|Any CPU
		{601CF33B-6DEE-4D8E-AFD9-4D55E816646A}.Release|x86.ActiveCfg = Release|Any CPU
		{601CF33B-6DEE-4D8E-AFD9-4D55E816646A}.Release|x86.Build.0 = Release|Any CPU
		{16798E54-5E77-4FA3-A93A-2FE81A6E962D}.Debug|Any CPU.ActiveCfg = Debug|Any CPU
		{16798E54-5E77-4FA3-A93A-2FE81A6E962D}.Debug|Any CPU.Build.0 = Debug|Any CPU
		{16798E54-5E77-4FA3-A93A-2FE81A6E962D}.Debug|x64.ActiveCfg = Debug|Any CPU
		{16798E54-5E77-4FA3-A93A-2FE81A6E962D}.Debug|x64.Build.0 = Debug|Any CPU
		{16798E54-5E77-4FA3-A93A-2FE81A6E962D}.Debug|x86.ActiveCfg = Debug|Any CPU
		{16798E54-5E77-4FA3-A93A-2FE81A6E962D}.Debug|x86.Build.0 = Debug|Any CPU
		{16798E54-5E77-4FA3-A93A-2FE81A6E962D}.Release|Any CPU.ActiveCfg = Release|Any CPU
		{16798E54-5E77-4FA3-A93A-2FE81A6E962D}.Release|Any CPU.Build.0 = Release|Any CPU
		{16798E54-5E77-4FA3-A93A-2FE81A6E962D}.Release|x64.ActiveCfg = Release|Any CPU
		{16798E54-5E77-4FA3-A93A-2FE81A6E962D}.Release|x64.Build.0 = Release|Any CPU
		{16798E54-5E77-4FA3-A93A-2FE81A6E962D}.Release|x86.ActiveCfg = Release|Any CPU
		{16798E54-5E77-4FA3-A93A-2FE81A6E962D}.Release|x86.Build.0 = Release|Any CPU
		{54DF9B8C-AA92-4C03-B712-D25B68D2BF98}.Debug|Any CPU.ActiveCfg = Debug|Any CPU
		{54DF9B8C-AA92-4C03-B712-D25B68D2BF98}.Debug|Any CPU.Build.0 = Debug|Any CPU
		{54DF9B8C-AA92-4C03-B712-D25B68D2BF98}.Debug|x64.ActiveCfg = Debug|Any CPU
		{54DF9B8C-AA92-4C03-B712-D25B68D2BF98}.Debug|x64.Build.0 = Debug|Any CPU
		{54DF9B8C-AA92-4C03-B712-D25B68D2BF98}.Debug|x86.ActiveCfg = Debug|Any CPU
		{54DF9B8C-AA92-4C03-B712-D25B68D2BF98}.Debug|x86.Build.0 = Debug|Any CPU
		{54DF9B8C-AA92-4C03-B712-D25B68D2BF98}.Release|Any CPU.ActiveCfg = Release|Any CPU
		{54DF9B8C-AA92-4C03-B712-D25B68D2BF98}.Release|Any CPU.Build.0 = Release|Any CPU
		{54DF9B8C-AA92-4C03-B712-D25B68D2BF98}.Release|x64.ActiveCfg = Release|Any CPU
		{54DF9B8C-AA92-4C03-B712-D25B68D2BF98}.Release|x64.Build.0 = Release|Any CPU
		{54DF9B8C-AA92-4C03-B712-D25B68D2BF98}.Release|x86.ActiveCfg = Release|Any CPU
		{54DF9B8C-AA92-4C03-B712-D25B68D2BF98}.Release|x86.Build.0 = Release|Any CPU
		{2AC6DC2C-A52C-4709-9BA9-C0BE508B7A24}.Debug|Any CPU.ActiveCfg = Debug|Any CPU
		{2AC6DC2C-A52C-4709-9BA9-C0BE508B7A24}.Debug|Any CPU.Build.0 = Debug|Any CPU
		{2AC6DC2C-A52C-4709-9BA9-C0BE508B7A24}.Debug|x64.ActiveCfg = Debug|Any CPU
		{2AC6DC2C-A52C-4709-9BA9-C0BE508B7A24}.Debug|x64.Build.0 = Debug|Any CPU
		{2AC6DC2C-A52C-4709-9BA9-C0BE508B7A24}.Debug|x86.ActiveCfg = Debug|Any CPU
		{2AC6DC2C-A52C-4709-9BA9-C0BE508B7A24}.Debug|x86.Build.0 = Debug|Any CPU
		{2AC6DC2C-A52C-4709-9BA9-C0BE508B7A24}.Release|Any CPU.ActiveCfg = Release|Any CPU
		{2AC6DC2C-A52C-4709-9BA9-C0BE508B7A24}.Release|Any CPU.Build.0 = Release|Any CPU
		{2AC6DC2C-A52C-4709-9BA9-C0BE508B7A24}.Release|x64.ActiveCfg = Release|Any CPU
		{2AC6DC2C-A52C-4709-9BA9-C0BE508B7A24}.Release|x64.Build.0 = Release|Any CPU
		{2AC6DC2C-A52C-4709-9BA9-C0BE508B7A24}.Release|x86.ActiveCfg = Release|Any CPU
		{2AC6DC2C-A52C-4709-9BA9-C0BE508B7A24}.Release|x86.Build.0 = Release|Any CPU
		{A68F79D9-A158-44A3-B7F0-506F05088A2D}.Debug|Any CPU.ActiveCfg = Debug|Any CPU
		{A68F79D9-A158-44A3-B7F0-506F05088A2D}.Debug|Any CPU.Build.0 = Debug|Any CPU
		{A68F79D9-A158-44A3-B7F0-506F05088A2D}.Debug|x64.ActiveCfg = Debug|Any CPU
		{A68F79D9-A158-44A3-B7F0-506F05088A2D}.Debug|x64.Build.0 = Debug|Any CPU
		{A68F79D9-A158-44A3-B7F0-506F05088A2D}.Debug|x86.ActiveCfg = Debug|Any CPU
		{A68F79D9-A158-44A3-B7F0-506F05088A2D}.Debug|x86.Build.0 = Debug|Any CPU
		{A68F79D9-A158-44A3-B7F0-506F05088A2D}.Release|Any CPU.ActiveCfg = Release|Any CPU
		{A68F79D9-A158-44A3-B7F0-506F05088A2D}.Release|Any CPU.Build.0 = Release|Any CPU
		{A68F79D9-A158-44A3-B7F0-506F05088A2D}.Release|x64.ActiveCfg = Release|Any CPU
		{A68F79D9-A158-44A3-B7F0-506F05088A2D}.Release|x64.Build.0 = Release|Any CPU
		{A68F79D9-A158-44A3-B7F0-506F05088A2D}.Release|x86.ActiveCfg = Release|Any CPU
		{A68F79D9-A158-44A3-B7F0-506F05088A2D}.Release|x86.Build.0 = Release|Any CPU
		{ED168A62-F7E1-4394-81CE-15B0F3BF37E7}.Debug|Any CPU.ActiveCfg = Debug|Any CPU
		{ED168A62-F7E1-4394-81CE-15B0F3BF37E7}.Debug|Any CPU.Build.0 = Debug|Any CPU
		{ED168A62-F7E1-4394-81CE-15B0F3BF37E7}.Debug|x64.ActiveCfg = Debug|Any CPU
		{ED168A62-F7E1-4394-81CE-15B0F3BF37E7}.Debug|x64.Build.0 = Debug|Any CPU
		{ED168A62-F7E1-4394-81CE-15B0F3BF37E7}.Debug|x86.ActiveCfg = Debug|Any CPU
		{ED168A62-F7E1-4394-81CE-15B0F3BF37E7}.Debug|x86.Build.0 = Debug|Any CPU
		{ED168A62-F7E1-4394-81CE-15B0F3BF37E7}.Release|Any CPU.ActiveCfg = Release|Any CPU
		{ED168A62-F7E1-4394-81CE-15B0F3BF37E7}.Release|Any CPU.Build.0 = Release|Any CPU
		{ED168A62-F7E1-4394-81CE-15B0F3BF37E7}.Release|x64.ActiveCfg = Release|Any CPU
		{ED168A62-F7E1-4394-81CE-15B0F3BF37E7}.Release|x64.Build.0 = Release|Any CPU
		{ED168A62-F7E1-4394-81CE-15B0F3BF37E7}.Release|x86.ActiveCfg = Release|Any CPU
		{ED168A62-F7E1-4394-81CE-15B0F3BF37E7}.Release|x86.Build.0 = Release|Any CPU
		{C96CAB35-A41B-401A-95C5-680A56040551}.Debug|Any CPU.ActiveCfg = Debug|Any CPU
		{C96CAB35-A41B-401A-95C5-680A56040551}.Debug|Any CPU.Build.0 = Debug|Any CPU
		{C96CAB35-A41B-401A-95C5-680A56040551}.Debug|x64.ActiveCfg = Debug|Any CPU
		{C96CAB35-A41B-401A-95C5-680A56040551}.Debug|x64.Build.0 = Debug|Any CPU
		{C96CAB35-A41B-401A-95C5-680A56040551}.Debug|x86.ActiveCfg = Debug|Any CPU
		{C96CAB35-A41B-401A-95C5-680A56040551}.Debug|x86.Build.0 = Debug|Any CPU
		{C96CAB35-A41B-401A-95C5-680A56040551}.Release|Any CPU.ActiveCfg = Release|Any CPU
		{C96CAB35-A41B-401A-95C5-680A56040551}.Release|Any CPU.Build.0 = Release|Any CPU
		{C96CAB35-A41B-401A-95C5-680A56040551}.Release|x64.ActiveCfg = Release|Any CPU
		{C96CAB35-A41B-401A-95C5-680A56040551}.Release|x64.Build.0 = Release|Any CPU
		{C96CAB35-A41B-401A-95C5-680A56040551}.Release|x86.ActiveCfg = Release|Any CPU
		{C96CAB35-A41B-401A-95C5-680A56040551}.Release|x86.Build.0 = Release|Any CPU
		{BB4F1E71-3941-47F1-8E4F-7E64DDDE160B}.Debug|Any CPU.ActiveCfg = Debug|Any CPU
		{BB4F1E71-3941-47F1-8E4F-7E64DDDE160B}.Debug|Any CPU.Build.0 = Debug|Any CPU
		{BB4F1E71-3941-47F1-8E4F-7E64DDDE160B}.Debug|x64.ActiveCfg = Debug|Any CPU
		{BB4F1E71-3941-47F1-8E4F-7E64DDDE160B}.Debug|x64.Build.0 = Debug|Any CPU
		{BB4F1E71-3941-47F1-8E4F-7E64DDDE160B}.Debug|x86.ActiveCfg = Debug|Any CPU
		{BB4F1E71-3941-47F1-8E4F-7E64DDDE160B}.Debug|x86.Build.0 = Debug|Any CPU
		{BB4F1E71-3941-47F1-8E4F-7E64DDDE160B}.Release|Any CPU.ActiveCfg = Release|Any CPU
		{BB4F1E71-3941-47F1-8E4F-7E64DDDE160B}.Release|Any CPU.Build.0 = Release|Any CPU
		{BB4F1E71-3941-47F1-8E4F-7E64DDDE160B}.Release|x64.ActiveCfg = Release|Any CPU
		{BB4F1E71-3941-47F1-8E4F-7E64DDDE160B}.Release|x64.Build.0 = Release|Any CPU
		{BB4F1E71-3941-47F1-8E4F-7E64DDDE160B}.Release|x86.ActiveCfg = Release|Any CPU
		{BB4F1E71-3941-47F1-8E4F-7E64DDDE160B}.Release|x86.Build.0 = Release|Any CPU
	EndGlobalSection
	GlobalSection(SolutionProperties) = preSolution
		HideSolutionNode = FALSE
	EndGlobalSection
	GlobalSection(NestedProjects) = preSolution
		{601CF33B-6DEE-4D8E-AFD9-4D55E816646A} = {827E0CD3-B72D-47B6-A68D-7590B98EB39B}
		{16798E54-5E77-4FA3-A93A-2FE81A6E962D} = {827E0CD3-B72D-47B6-A68D-7590B98EB39B}
		{54DF9B8C-AA92-4C03-B712-D25B68D2BF98} = {827E0CD3-B72D-47B6-A68D-7590B98EB39B}
		{2AC6DC2C-A52C-4709-9BA9-C0BE508B7A24} = {827E0CD3-B72D-47B6-A68D-7590B98EB39B}
		{A68F79D9-A158-44A3-B7F0-506F05088A2D} = {827E0CD3-B72D-47B6-A68D-7590B98EB39B}
		{ED168A62-F7E1-4394-81CE-15B0F3BF37E7} = {827E0CD3-B72D-47B6-A68D-7590B98EB39B}
		{C96CAB35-A41B-401A-95C5-680A56040551} = {827E0CD3-B72D-47B6-A68D-7590B98EB39B}
		{BB4F1E71-3941-47F1-8E4F-7E64DDDE160B} = {827E0CD3-B72D-47B6-A68D-7590B98EB39B}
	EndGlobalSection
EndGlobal
