
Microsoft Visual Studio Solution File, Format Version 12.00
# Visual Studio Version 17
VisualStudioVersion = 17.0.31903.59
MinimumVisualStudioVersion = 10.0.40219.1
Project("{2150E333-8FDC-42A3-9474-1A3956D46DE8}") = "src", "src", "{827E0CD3-B72D-47B6-A68D-7590B98EB39B}"
EndProject
Project("{FAE04EC0-301F-11D3-BF4B-00C04F79EFBC}") = "ScsSii", "src\ScsSii\ScsSii.csproj", "{601CF33B-6DEE-4D8E-AFD9-4D55E816646A}"
EndProject
Project("{FAE04EC0-301F-11D3-BF4B-00C04F79EFBC}") = "ScsSii.Tests", "tests\ScsSii.Tests\ScsSii.Tests.csproj", "{16798E54-5E77-4FA3-A93A-2FE81A6E962D}"
EndProject
Project("{FAE04EC0-301F-11D3-BF4B-00C04F79EFBC}") = "ScsHashFs", "src\ScsHashFs\ScsHashFs.csproj", "{54DF9B8C-AA92-4C03-B712-D25B68D2BF98}"
EndProject
Project("{FAE04EC0-301F-11D3-BF4B-00C04F79EFBC}") = "ScsHashFs.Tests", "tests\ScsHashFs.Tests\ScsHashFs.Tests.csproj", "{2AC6DC2C-A52C-4709-9BA9-C0BE508B7A24}"
EndProject
Project("{FAE04EC0-301F-11D3-BF4B-00C04F79EFBC}") = "ScsSector", "src\ScsSector\ScsSector.csproj", "{A68F79D9-A158-44A3-B7F0-506F05088A2D}"
EndProject
Project("{FAE04EC0-301F-11D3-BF4B-00C04F79EFBC}") = "ScsSector.Tests", "tests\ScsSector.Tests\ScsSector.Tests.csproj", "{ED168A62-F7E1-4394-81CE-15B0F3BF37E7}"
EndProject
Project("{FAE04EC0-301F-11D3-BF4B-00C04F79EFBC}") = "ScsGraph", "src\ScsGraph\ScsGraph.csproj", "{C96CAB35-A41B-401A-95C5-680A56040551}"
EndProject
Project("{FAE04EC0-301F-11D3-BF4B-00C04F79EFBC}") = "ScsGraph.Tests", "tests\ScsGraph.Tests\ScsGraph.Tests.csproj", "{BB4F1E71-3941-47F1-8E4F-7E64DDDE160B}"
EndProject
Project("{FAE04EC0-301F-11D3-BF4B-00C04F79EFBC}") = "ScsValidation", "src\ScsValidation\ScsValidation.csproj", "{31FA11EF-B233-4884-AEA1-DBC556474369}"
EndProject
Project("{FAE04EC0-301F-11D3-BF4B-00C04F79EFBC}") = "ScsValidation.Tests", "tests\ScsValidation.Tests\ScsValidation.Tests.csproj", "{935697BC-E649-4D54-9B14-385A16CA103E}"
EndProject
Project("{FAE04EC0-301F-11D3-BF4B-00C04F79EFBC}") = "ScsResource", "src\ScsResource\ScsResource.csproj", "{244B8C33-47D2-4172-B74F-AC74D3AB0C56}"
EndProject
Project("{2150E333-8FDC-42A3-9474-1A3956D46DE8}") = "tests", "tests", "{0AB3BF05-4346-4AA6-1389-037BE0695223}"
EndProject
Project("{FAE04EC0-301F-11D3-BF4B-00C04F79EFBC}") = "ScsResource.Tests", "tests\ScsResource.Tests\ScsResource.Tests.csproj", "{F4D89CD1-8F3A-41D2-8B5E-B0E1E3D83DD7}"
EndProject
Project("{FAE04EC0-301F-11D3-BF4B-00C04F79EFBC}") = "ScsMapModel", "src\ScsMapModel\ScsMapModel.csproj", "{F104BA33-1C80-4167-A0C4-E1C0DA21C3BA}"
EndProject
Project("{FAE04EC0-301F-11D3-BF4B-00C04F79EFBC}") = "ScsVectorTiles", "src\ScsVectorTiles\ScsVectorTiles.csproj", "{E017C835-AAF9-4D4C-A4ED-834CEB8C926E}"
EndProject
Project("{FAE04EC0-301F-11D3-BF4B-00C04F79EFBC}") = "ScsDefinitions.Tests", "tests\ScsDefinitions.Tests\ScsDefinitions.Tests.csproj", "{5839FD30-5557-4396-AC8B-F8308A03DA49}"
EndProject
Project("{FAE04EC0-301F-11D3-BF4B-00C04F79EFBC}") = "ScsPrefab.Tests", "tests\ScsPrefab.Tests\ScsPrefab.Tests.csproj", "{D2FB16A0-BE95-4159-B0B5-7815F0B84314}"
EndProject
Global
	GlobalSection(SolutionConfigurationPlatforms) = preSolution
		Debug|Any CPU = Debug|Any CPU
		Debug|x64 = Debug|x64
		Debug|x86 = Debug|x86
		Release|Any CPU = Release|Any CPU
		Release|x64 = Release|x64
		Release|x86 = Release|x86
	EndGlobalSection
	GlobalSection(ProjectConfigurationPlatforms) = postSolution
		{601CF33B-6DEE-4D8E-AFD9-4D55E816646A}.Debug|Any CPU.ActiveCfg = Debug|Any CPU
		{601CF33B-6DEE-4D8E-AFD9-4D55E816646A}.Debug|Any CPU.Build.0 = Debug|Any CPU
		{601CF33B-6DEE-4D8E-AFD9-4D55E816646A}.Debug|x64.ActiveCfg = Debug|Any CPU
		{601CF33B-6DEE-4D8E-AFD9-4D55E816646A}.Debug|x64.Build.0 = Debug|Any CPU
		{601CF33B-6DEE-4D8E-AFD9-4D55E816646A}.Debug|x86.ActiveCfg = Debug|Any CPU
		{601CF33B-6DEE-4D8E-AFD9-4D55E816646A}.Debug|x86.Build.0 = Debug|Any CPU
		{601CF33B-6DEE-4D8E-AFD9-4D55E816646A}.Release|Any CPU.ActiveCfg = Release|Any CPU
		{601CF33B-6DEE-4D8E-AFD9-4D55E816646A}.Release|Any CPU.Build.0 = Release|Any CPU
		{601CF33B-6DEE-4D8E-AFD9-4D55E816646A}.Release|x64.ActiveCfg = Release|Any CPU
		{601CF33B-6DEE-4D8E-AFD9-4D55E816646A}.Release|x64.Build.0 = Release|Any CPU
		{601CF33B-6DEE-4D8E-AFD9-4D55E816646A}.Release|x86.ActiveCfg = Release|Any CPU
		{601CF33B-6DEE-4D8E-AFD9-4D55E816646A}.Release|x86.Build.0 = Release|Any CPU
		{16798E54-5E77-4FA3-A93A-2FE81A6E962D}.Debug|Any CPU.ActiveCfg = Debug|Any CPU
		{16798E54-5E77-4FA3-A93A-2FE81A6E962D}.Debug|Any CPU.Build.0 = Debug|Any CPU
		{16798E54-5E77-4FA3-A93A-2FE81A6E962D}.Debug|x64.ActiveCfg = Debug|Any CPU
		{16798E54-5E77-4FA3-A93A-2FE81A6E962D}.Debug|x64.Build.0 = Debug|Any CPU
		{16798E54-5E77-4FA3-A93A-2FE81A6E962D}.Debug|x86.ActiveCfg = Debug|Any CPU
		{16798E54-5E77-4FA3-A93A-2FE81A6E962D}.Debug|x86.Build.0 = Debug|Any CPU
		{16798E54-5E77-4FA3-A93A-2FE81A6E962D}.Release|Any CPU.ActiveCfg = Release|Any CPU
		{16798E54-5E77-4FA3-A93A-2FE81A6E962D}.Release|Any CPU.Build.0 = Release|Any CPU
		{16798E54-5E77-4FA3-A93A-2FE81A6E962D}.Release|x64.ActiveCfg = Release|Any CPU
		{16798E54-5E77-4FA3-A93A-2FE81A6E962D}.Release|x64.Build.0 = Release|Any CPU
		{16798E54-5E77-4FA3-A93A-2FE81A6E962D}.Release|x86.ActiveCfg = Release|Any CPU
		{16798E54-5E77-4FA3-A93A-2FE81A6E962D}.Release|x86.Build.0 = Release|Any CPU
		{54DF9B8C-AA92-4C03-B712-D25B68D2BF98}.Debug|Any CPU.ActiveCfg = Debug|Any CPU
		{54DF9B8C-AA92-4C03-B712-D25B68D2BF98}.Debug|Any CPU.Build.0 = Debug|Any CPU
		{54DF9B8C-AA92-4C03-B712-D25B68D2BF98}.Debug|x64.ActiveCfg = Debug|Any CPU
		{54DF9B8C-AA92-4C03-B712-D25B68D2BF98}.Debug|x64.Build.0 = Debug|Any CPU
		{54DF9B8C-AA92-4C03-B712-D25B68D2BF98}.Debug|x86.ActiveCfg = Debug|Any CPU
		{54DF9B8C-AA92-4C03-B712-D25B68D2BF98}.Debug|x86.Build.0 = Debug|Any CPU
		{54DF9B8C-AA92-4C03-B712-D25B68D2BF98}.Release|Any CPU.ActiveCfg = Release|Any CPU
		{54DF9B8C-AA92-4C03-B712-D25B68D2BF98}.Release|Any CPU.Build.0 = Release|Any CPU
		{54DF9B8C-AA92-4C03-B712-D25B68D2BF98}.Release|x64.ActiveCfg = Release|Any CPU
		{54DF9B8C-AA92-4C03-B712-D25B68D2BF98}.Release|x64.Build.0 = Release|Any CPU
		{54DF9B8C-AA92-4C03-B712-D25B68D2BF98}.Release|x86.ActiveCfg = Release|Any CPU
		{54DF9B8C-AA92-4C03-B712-D25B68D2BF98}.Release|x86.Build.0 = Release|Any CPU
		{2AC6DC2C-A52C-4709-9BA9-C0BE508B7A24}.Debug|Any CPU.ActiveCfg = Debug|Any CPU
		{2AC6DC2C-A52C-4709-9BA9-C0BE508B7A24}.Debug|Any CPU.Build.0 = Debug|Any CPU
		{2AC6DC2C-A52C-4709-9BA9-C0BE508B7A24}.Debug|x64.ActiveCfg = Debug|Any CPU
		{2AC6DC2C-A52C-4709-9BA9-C0BE508B7A24}.Debug|x64.Build.0 = Debug|Any CPU
		{2AC6DC2C-A52C-4709-9BA9-C0BE508B7A24}.Debug|x86.ActiveCfg = Debug|Any CPU
		{2AC6DC2C-A52C-4709-9BA9-C0BE508B7A24}.Debug|x86.Build.0 = Debug|Any CPU
		{2AC6DC2C-A52C-4709-9BA9-C0BE508B7A24}.Release|Any CPU.ActiveCfg = Release|Any CPU
		{2AC6DC2C-A52C-4709-9BA9-C0BE508B7A24}.Release|Any CPU.Build.0 = Release|Any CPU
		{2AC6DC2C-A52C-4709-9BA9-C0BE508B7A24}.Release|x64.ActiveCfg = Release|Any CPU
		{2AC6DC2C-A52C-4709-9BA9-C0BE508B7A24}.Release|x64.Build.0 = Release|Any CPU
		{2AC6DC2C-A52C-4709-9BA9-C0BE508B7A24}.Release|x86.ActiveCfg = Release|Any CPU
		{2AC6DC2C-A52C-4709-9BA9-C0BE508B7A24}.Release|x86.Build.0 = Release|Any CPU
		{A68F79D9-A158-44A3-B7F0-506F05088A2D}.Debug|Any CPU.ActiveCfg = Debug|Any CPU
		{A68F79D9-A158-44A3-B7F0-506F05088A2D}.Debug|Any CPU.Build.0 = Debug|Any CPU
		{A68F79D9-A158-44A3-B7F0-506F05088A2D}.Debug|x64.ActiveCfg = Debug|Any CPU
		{A68F79D9-A158-44A3-B7F0-506F05088A2D}.Debug|x64.Build.0 = Debug|Any CPU
		{A68F79D9-A158-44A3-B7F0-506F05088A2D}.Debug|x86.ActiveCfg = Debug|Any CPU
		{A68F79D9-A158-44A3-B7F0-506F05088A2D}.Debug|x86.Build.0 = Debug|Any CPU
		{A68F79D9-A158-44A3-B7F0-506F05088A2D}.Release|Any CPU.ActiveCfg = Release|Any CPU
		{A68F79D9-A158-44A3-B7F0-506F05088A2D}.Release|Any CPU.Build.0 = Release|Any CPU
		{A68F79D9-A158-44A3-B7F0-506F05088A2D}.Release|x64.ActiveCfg = Release|Any CPU
		{A68F79D9-A158-44A3-B7F0-506F05088A2D}.Release|x64.Build.0 = Release|Any CPU
		{A68F79D9-A158-44A3-B7F0-506F05088A2D}.Release|x86.ActiveCfg = Release|Any CPU
		{A68F79D9-A158-44A3-B7F0-506F05088A2D}.Release|x86.Build.0 = Release|Any CPU
		{ED168A62-F7E1-4394-81CE-15B0F3BF37E7}.Debug|Any CPU.ActiveCfg = Debug|Any CPU
		{ED168A62-F7E1-4394-81CE-15B0F3BF37E7}.Debug|Any CPU.Build.0 = Debug|Any CPU
		{ED168A62-F7E1-4394-81CE-15B0F3BF37E7}.Debug|x64.ActiveCfg = Debug|Any CPU
		{ED168A62-F7E1-4394-81CE-15B0F3BF37E7}.Debug|x64.Build.0 = Debug|Any CPU
		{ED168A62-F7E1-4394-81CE-15B0F3BF37E7}.Debug|x86.ActiveCfg = Debug|Any CPU
		{ED168A62-F7E1-4394-81CE-15B0F3BF37E7}.Debug|x86.Build.0 = Debug|Any CPU
		{ED168A62-F7E1-4394-81CE-15B0F3BF37E7}.Release|Any CPU.ActiveCfg = Release|Any CPU
		{ED168A62-F7E1-4394-81CE-15B0F3BF37E7}.Release|Any CPU.Build.0 = Release|Any CPU
		{ED168A62-F7E1-4394-81CE-15B0F3BF37E7}.Release|x64.ActiveCfg = Release|Any CPU
		{ED168A62-F7E1-4394-81CE-15B0F3BF37E7}.Release|x64.Build.0 = Release|Any CPU
		{ED168A62-F7E1-4394-81CE-15B0F3BF37E7}.Release|x86.ActiveCfg = Release|Any CPU
		{ED168A62-F7E1-4394-81CE-15B0F3BF37E7}.Release|x86.Build.0 = Release|Any CPU
		{C96CAB35-A41B-401A-95C5-680A56040551}.Debug|Any CPU.ActiveCfg = Debug|Any CPU
		{C96CAB35-A41B-401A-95C5-680A56040551}.Debug|Any CPU.Build.0 = Debug|Any CPU
		{C96CAB35-A41B-401A-95C5-680A56040551}.Debug|x64.ActiveCfg = Debug|Any CPU
		{C96CAB35-A41B-401A-95C5-680A56040551}.Debug|x64.Build.0 = Debug|Any CPU
		{C96CAB35-A41B-401A-95C5-680A56040551}.Debug|x86.ActiveCfg = Debug|Any CPU
		{C96CAB35-A41B-401A-95C5-680A56040551}.Debug|x86.Build.0 = Debug|Any CPU
		{C96CAB35-A41B-401A-95C5-680A56040551}.Release|Any CPU.ActiveCfg = Release|Any CPU
		{C96CAB35-A41B-401A-95C5-680A56040551}.Release|Any CPU.Build.0 = Release|Any CPU
		{C96CAB35-A41B-401A-95C5-680A56040551}.Release|x64.ActiveCfg = Release|Any CPU
		{C96CAB35-A41B-401A-95C5-680A56040551}.Release|x64.Build.0 = Release|Any CPU
		{C96CAB35-A41B-401A-95C5-680A56040551}.Release|x86.ActiveCfg = Release|Any CPU
		{C96CAB35-A41B-401A-95C5-680A56040551}.Release|x86.Build.0 = Release|Any CPU
		{BB4F1E71-3941-47F1-8E4F-7E64DDDE160B}.Debug|Any CPU.ActiveCfg = Debug|Any CPU
		{BB4F1E71-3941-47F1-8E4F-7E64DDDE160B}.Debug|Any CPU.Build.0 = Debug|Any CPU
		{BB4F1E71-3941-47F1-8E4F-7E64DDDE160B}.Debug|x64.ActiveCfg = Debug|Any CPU
		{BB4F1E71-3941-47F1-8E4F-7E64DDDE160B}.Debug|x64.Build.0 = Debug|Any CPU
		{BB4F1E71-3941-47F1-8E4F-7E64DDDE160B}.Debug|x86.ActiveCfg = Debug|Any CPU
		{BB4F1E71-3941-47F1-8E4F-7E64DDDE160B}.Debug|x86.Build.0 = Debug|Any CPU
		{BB4F1E71-3941-47F1-8E4F-7E64DDDE160B}.Release|Any CPU.ActiveCfg = Release|Any CPU
		{BB4F1E71-3941-47F1-8E4F-7E64DDDE160B}.Release|Any CPU.Build.0 = Release|Any CPU
		{BB4F1E71-3941-47F1-8E4F-7E64DDDE160B}.Release|x64.ActiveCfg = Release|Any CPU
		{BB4F1E71-3941-47F1-8E4F-7E64DDDE160B}.Release|x64.Build.0 = Release|Any CPU
		{BB4F1E71-3941-47F1-8E4F-7E64DDDE160B}.Release|x86.ActiveCfg = Release|Any CPU
		{BB4F1E71-3941-47F1-8E4F-7E64DDDE160B}.Release|x86.Build.0 = Release|Any CPU
		{31FA11EF-B233-4884-AEA1-DBC556474369}.Debug|Any CPU.ActiveCfg = Debug|Any CPU
		{31FA11EF-B233-4884-AEA1-DBC556474369}.Debug|Any CPU.Build.0 = Debug|Any CPU
		{31FA11EF-B233-4884-AEA1-DBC556474369}.Debug|x64.ActiveCfg = Debug|Any CPU
		{31FA11EF-B233-4884-AEA1-DBC556474369}.Debug|x64.Build.0 = Debug|Any CPU
		{31FA11EF-B233-4884-AEA1-DBC556474369}.Debug|x86.ActiveCfg = Debug|Any CPU
		{31FA11EF-B233-4884-AEA1-DBC556474369}.Debug|x86.Build.0 = Debug|Any CPU
		{31FA11EF-B233-4884-AEA1-DBC556474369}.Release|Any CPU.ActiveCfg = Release|Any CPU
		{31FA11EF-B233-4884-AEA1-DBC556474369}.Release|Any CPU.Build.0 = Release|Any CPU
		{31FA11EF-B233-4884-AEA1-DBC556474369}.Release|x64.ActiveCfg = Release|Any CPU
		{31FA11EF-B233-4884-AEA1-DBC556474369}.Release|x64.Build.0 = Release|Any CPU
		{31FA11EF-B233-4884-AEA1-DBC556474369}.Release|x86.ActiveCfg = Release|Any CPU
		{31FA11EF-B233-4884-AEA1-DBC556474369}.Release|x86.Build.0 = Release|Any CPU
		{935697BC-E649-4D54-9B14-385A16CA103E}.Debug|Any CPU.ActiveCfg = Debug|Any CPU
		{935697BC-E649-4D54-9B14-385A16CA103E}.Debug|Any CPU.Build.0 = Debug|Any CPU
		{935697BC-E649-4D54-9B14-385A16CA103E}.Debug|x64.ActiveCfg = Debug|Any CPU
		{935697BC-E649-4D54-9B14-385A16CA103E}.Debug|x64.Build.0 = Debug|Any CPU
		{935697BC-E649-4D54-9B14-385A16CA103E}.Debug|x86.ActiveCfg = Debug|Any CPU
		{935697BC-E649-4D54-9B14-385A16CA103E}.Debug|x86.Build.0 = Debug|Any CPU
		{935697BC-E649-4D54-9B14-385A16CA103E}.Release|Any CPU.ActiveCfg = Release|Any CPU
		{935697BC-E649-4D54-9B14-385A16CA103E}.Release|Any CPU.Build.0 = Release|Any CPU
		{935697BC-E649-4D54-9B14-385A16CA103E}.Release|x64.ActiveCfg = Release|Any CPU
		{935697BC-E649-4D54-9B14-385A16CA103E}.Release|x64.Build.0 = Release|Any CPU
		{935697BC-E649-4D54-9B14-385A16CA103E}.Release|x86.ActiveCfg = Release|Any CPU
		{935697BC-E649-4D54-9B14-385A16CA103E}.Release|x86.Build.0 = Release|Any CPU
		{244B8C33-47D2-4172-B74F-AC74D3AB0C56}.Debug|Any CPU.ActiveCfg = Debug|Any CPU
		{244B8C33-47D2-4172-B74F-AC74D3AB0C56}.Debug|Any CPU.Build.0 = Debug|Any CPU
		{244B8C33-47D2-4172-B74F-AC74D3AB0C56}.Debug|x64.ActiveCfg = Debug|Any CPU
		{244B8C33-47D2-4172-B74F-AC74D3AB0C56}.Debug|x64.Build.0 = Debug|Any CPU
		{244B8C33-47D2-4172-B74F-AC74D3AB0C56}.Debug|x86.ActiveCfg = Debug|Any CPU
		{244B8C33-47D2-4172-B74F-AC74D3AB0C56}.Debug|x86.Build.0 = Debug|Any CPU
		{244B8C33-47D2-4172-B74F-AC74D3AB0C56}.Release|Any CPU.ActiveCfg = Release|Any CPU
		{244B8C33-47D2-4172-B74F-AC74D3AB0C56}.Release|Any CPU.Build.0 = Release|Any CPU
		{244B8C33-47D2-4172-B74F-AC74D3AB0C56}.Release|x64.ActiveCfg = Release|Any CPU
		{244B8C33-47D2-4172-B74F-AC74D3AB0C56}.Release|x64.Build.0 = Release|Any CPU
		{244B8C33-47D2-4172-B74F-AC74D3AB0C56}.Release|x86.ActiveCfg = Release|Any CPU
		{244B8C33-47D2-4172-B74F-AC74D3AB0C56}.Release|x86.Build.0 = Release|Any CPU
		{F4D89CD1-8F3A-41D2-8B5E-B0E1E3D83DD7}.Debug|Any CPU.ActiveCfg = Debug|Any CPU
		{F4D89CD1-8F3A-41D2-8B5E-B0E1E3D83DD7}.Debug|Any CPU.Build.0 = Debug|Any CPU
		{F4D89CD1-8F3A-41D2-8B5E-B0E1E3D83DD7}.Debug|x64.ActiveCfg = Debug|Any CPU
		{F4D89CD1-8F3A-41D2-8B5E-B0E1E3D83DD7}.Debug|x64.Build.0 = Debug|Any CPU
		{F4D89CD1-8F3A-41D2-8B5E-B0E1E3D83DD7}.Debug|x86.ActiveCfg = Debug|Any CPU
		{F4D89CD1-8F3A-41D2-8B5E-B0E1E3D83DD7}.Debug|x86.Build.0 = Debug|Any CPU
		{F4D89CD1-8F3A-41D2-8B5E-B0E1E3D83DD7}.Release|Any CPU.ActiveCfg = Release|Any CPU
		{F4D89CD1-8F3A-41D2-8B5E-B0E1E3D83DD7}.Release|Any CPU.Build.0 = Release|Any CPU
		{F4D89CD1-8F3A-41D2-8B5E-B0E1E3D83DD7}.Release|x64.ActiveCfg = Release|Any CPU
		{F4D89CD1-8F3A-41D2-8B5E-B0E1E3D83DD7}.Release|x64.Build.0 = Release|Any CPU
		{F4D89CD1-8F3A-41D2-8B5E-B0E1E3D83DD7}.Release|x86.ActiveCfg = Release|Any CPU
		{F4D89CD1-8F3A-41D2-8B5E-B0E1E3D83DD7}.Release|x86.Build.0 = Release|Any CPU
		{F104BA33-1C80-4167-A0C4-E1C0DA21C3BA}.Debug|Any CPU.ActiveCfg = Debug|Any CPU
		{F104BA33-1C80-4167-A0C4-E1C0DA21C3BA}.Debug|Any CPU.Build.0 = Debug|Any CPU
		{F104BA33-1C80-4167-A0C4-E1C0DA21C3BA}.Debug|x64.ActiveCfg = Debug|Any CPU
		{F104BA33-1C80-4167-A0C4-E1C0DA21C3BA}.Debug|x64.Build.0 = Debug|Any CPU
		{F104BA33-1C80-4167-A0C4-E1C0DA21C3BA}.Debug|x86.ActiveCfg = Debug|Any CPU
		{F104BA33-1C80-4167-A0C4-E1C0DA21C3BA}.Debug|x86.Build.0 = Debug|Any CPU
		{F104BA33-1C80-4167-A0C4-E1C0DA21C3BA}.Release|Any CPU.ActiveCfg = Release|Any CPU
		{F104BA33-1C80-4167-A0C4-E1C0DA21C3BA}.Release|Any CPU.Build.0 = Release|Any CPU
		{F104BA33-1C80-4167-A0C4-E1C0DA21C3BA}.Release|x64.ActiveCfg = Release|Any CPU
		{F104BA33-1C80-4167-A0C4-E1C0DA21C3BA}.Release|x64.Build.0 = Release|Any CPU
		{F104BA33-1C80-4167-A0C4-E1C0DA21C3BA}.Release|x86.ActiveCfg = Release|Any CPU
		{F104BA33-1C80-4167-A0C4-E1C0DA21C3BA}.Release|x86.Build.0 = Release|Any CPU
		{E017C835-AAF9-4D4C-A4ED-834CEB8C926E}.Debug|Any CPU.ActiveCfg = Debug|Any CPU
		{E017C835-AAF9-4D4C-A4ED-834CEB8C926E}.Debug|Any CPU.Build.0 = Debug|Any CPU
		{E017C835-AAF9-4D4C-A4ED-834CEB8C926E}.Debug|x64.ActiveCfg = Debug|Any CPU
		{E017C835-AAF9-4D4C-A4ED-834CEB8C926E}.Debug|x64.Build.0 = Debug|Any CPU
		{E017C835-AAF9-4D4C-A4ED-834CEB8C926E}.Debug|x86.ActiveCfg = Debug|Any CPU
		{E017C835-AAF9-4D4C-A4ED-834CEB8C926E}.Debug|x86.Build.0 = Debug|Any CPU
		{E017C835-AAF9-4D4C-A4ED-834CEB8C926E}.Release|Any CPU.ActiveCfg = Release|Any CPU
		{E017C835-AAF9-4D4C-A4ED-834CEB8C926E}.Release|Any CPU.Build.0 = Release|Any CPU
		{E017C835-AAF9-4D4C-A4ED-834CEB8C926E}.Release|x64.ActiveCfg = Release|Any CPU
		{E017C835-AAF9-4D4C-A4ED-834CEB8C926E}.Release|x64.Build.0 = Release|Any CPU
		{E017C835-AAF9-4D4C-A4ED-834CEB8C926E}.Release|x86.ActiveCfg = Release|Any CPU
		{E017C835-AAF9-4D4C-A4ED-834CEB8C926E}.Release|x86.Build.0 = Release|Any CPU
		{5839FD30-5557-4396-AC8B-F8308A03DA49}.Debug|Any CPU.ActiveCfg = Debug|Any CPU
		{5839FD30-5557-4396-AC8B-F8308A03DA49}.Debug|Any CPU.Build.0 = Debug|Any CPU
		{5839FD30-5557-4396-AC8B-F8308A03DA49}.Debug|x64.ActiveCfg = Debug|Any CPU
		{5839FD30-5557-4396-AC8B-F8308A03DA49}.Debug|x64.Build.0 = Debug|Any CPU
		{5839FD30-5557-4396-AC8B-F8308A03DA49}.Debug|x86.ActiveCfg = Debug|Any CPU
		{5839FD30-5557-4396-AC8B-F8308A03DA49}.Debug|x86.Build.0 = Debug|Any CPU
		{5839FD30-5557-4396-AC8B-F8308A03DA49}.Release|Any CPU.ActiveCfg = Release|Any CPU
		{5839FD30-5557-4396-AC8B-F8308A03DA49}.Release|Any CPU.Build.0 = Release|Any CPU
		{5839FD30-5557-4396-AC8B-F8308A03DA49}.Release|x64.ActiveCfg = Release|Any CPU
		{5839FD30-5557-4396-AC8B-F8308A03DA49}.Release|x64.Build.0 = Release|Any CPU
		{5839FD30-5557-4396-AC8B-F8308A03DA49}.Release|x86.ActiveCfg = Release|Any CPU
		{5839FD30-5557-4396-AC8B-F8308A03DA49}.Release|x86.Build.0 = Release|Any CPU
		{D2FB16A0-BE95-4159-B0B5-7815F0B84314}.Debug|Any CPU.ActiveCfg = Debug|Any CPU
		{D2FB16A0-BE95-4159-B0B5-7815F0B84314}.Debug|Any CPU.Build.0 = Debug|Any CPU
		{D2FB16A0-BE95-4159-B0B5-7815F0B84314}.Debug|x64.ActiveCfg = Debug|Any CPU
		{D2FB16A0-BE95-4159-B0B5-7815F0B84314}.Debug|x64.Build.0 = Debug|Any CPU
		{D2FB16A0-BE95-4159-B0B5-7815F0B84314}.Debug|x86.ActiveCfg = Debug|Any CPU
		{D2FB16A0-BE95-4159-B0B5-7815F0B84314}.Debug|x86.Build.0 = Debug|Any CPU
		{D2FB16A0-BE95-4159-B0B5-7815F0B84314}.Release|Any CPU.ActiveCfg = Release|Any CPU
		{D2FB16A0-BE95-4159-B0B5-7815F0B84314}.Release|Any CPU.Build.0 = Release|Any CPU
		{D2FB16A0-BE95-4159-B0B5-7815F0B84314}.Release|x64.ActiveCfg = Release|Any CPU
		{D2FB16A0-BE95-4159-B0B5-7815F0B84314}.Release|x64.Build.0 = Release|Any CPU
		{D2FB16A0-BE95-4159-B0B5-7815F0B84314}.Release|x86.ActiveCfg = Release|Any CPU
		{D2FB16A0-BE95-4159-B0B5-7815F0B84314}.Release|x86.Build.0 = Release|Any CPU
	EndGlobalSection
	GlobalSection(SolutionProperties) = preSolution
		HideSolutionNode = FALSE
	EndGlobalSection
	GlobalSection(NestedProjects) = preSolution
		{601CF33B-6DEE-4D8E-AFD9-4D55E816646A} = {827E0CD3-B72D-47B6-A68D-7590B98EB39B}
		{16798E54-5E77-4FA3-A93A-2FE81A6E962D} = {827E0CD3-B72D-47B6-A68D-7590B98EB39B}
		{54DF9B8C-AA92-4C03-B712-D25B68D2BF98} = {827E0CD3-B72D-47B6-A68D-7590B98EB39B}
		{2AC6DC2C-A52C-4709-9BA9-C0BE508B7A24} = {827E0CD3-B72D-47B6-A68D-7590B98EB39B}
		{A68F79D9-A158-44A3-B7F0-506F05088A2D} = {827E0CD3-B72D-47B6-A68D-7590B98EB39B}
		{ED168A62-F7E1-4394-81CE-15B0F3BF37E7} = {827E0CD3-B72D-47B6-A68D-7590B98EB39B}
		{C96CAB35-A41B-401A-95C5-680A56040551} = {827E0CD3-B72D-47B6-A68D-7590B98EB39B}
		{BB4F1E71-3941-47F1-8E4F-7E64DDDE160B} = {827E0CD3-B72D-47B6-A68D-7590B98EB39B}
		{31FA11EF-B233-4884-AEA1-DBC556474369} = {827E0CD3-B72D-47B6-A68D-7590B98EB39B}
		{935697BC-E649-4D54-9B14-385A16CA103E} = {827E0CD3-B72D-47B6-A68D-7590B98EB39B}
		{244B8C33-47D2-4172-B74F-AC74D3AB0C56} = {827E0CD3-B72D-47B6-A68D-7590B98EB39B}
		{F4D89CD1-8F3A-41D2-8B5E-B0E1E3D83DD7} = {0AB3BF05-4346-4AA6-1389-037BE0695223}
		{F104BA33-1C80-4167-A0C4-E1C0DA21C3BA} = {827E0CD3-B72D-47B6-A68D-7590B98EB39B}
		{E017C835-AAF9-4D4C-A4ED-834CEB8C926E} = {827E0CD3-B72D-47B6-A68D-7590B98EB39B}
		{5839FD30-5557-4396-AC8B-F8308A03DA49} = {827E0CD3-B72D-47B6-A68D-7590B98EB39B}
		{D2FB16A0-BE95-4159-B0B5-7815F0B84314} = {827E0CD3-B72D-47B6-A68D-7590B98EB39B}
	EndGlobalSection
EndGlobal
